
Microsoft Visual Studio Solution File, Format Version 12.00
# Visual Studio Version 17
VisualStudioVersion = 17.4.33205.214
MinimumVisualStudioVersion = 10.0.40219.1
Project("{FAE04EC0-301F-11D3-BF4B-00C04F79EFBC}") = "ForestFN Launcher", "ForestFN Launcher\ForestFN Launcher.csproj", "{D975384A-6D12-44B1-A889-A1C76A8CFA14}"
EndProject
Global
	GlobalSection(SolutionConfigurationPlatforms) = preSolution
		Debug|Any CPU = Debug|Any CPU
		Release|Any CPU = Release|Any CPU
	EndGlobalSection
	GlobalSection(ProjectConfigurationPlatforms) = postSolution
		{D975384A-6D12-44B1-A889-A1C76A8CFA14}.Debug|Any CPU.ActiveCfg = Debug|Any CPU
		{D975384A-6D12-44B1-A889-A1C76A8CFA14}.Debug|Any CPU.Build.0 = Debug|Any CPU
		{D975384A-6D12-44B1-A889-A1C76A8CFA14}.Release|Any CPU.ActiveCfg = Release|Any CPU
		{D975384A-6D12-44B1-A889-A1C76A8CFA14}.Release|Any CPU.Build.0 = Release|Any CPU
	EndGlobalSection
	GlobalSection(SolutionProperties) = preSolution
		HideSolutionNode = FALSE
	EndGlobalSection
	GlobalSection(ExtensibilityGlobals) = postSolution
		SolutionGuid = {E3F3C9D7-740D-4971-B685-96AD4C787B53}
	EndGlobalSection
EndGlobal
